
Microsoft Visual Studio Solution File, Format Version 12.00
# Visual Studio Version 16
VisualStudioVersion = 16.0.34031.81
MinimumVisualStudioVersion = 10.0.40219.1
Project("{9A19103F-16F7-4668-BE54-9A1E7A4F7556}") = "CenturiesToMinutes", "CenturiesToMinutes\CenturiesToMinutes.csproj", "{26740699-64D2-4945-9201-D40F283C513D}"
EndProject
Project("{FAE04EC0-301F-11D3-BF4B-00C04F79EFBC}") = "IntegerNumber", "IntegerNumber\IntegerNumber.csproj", "{AAE0F617-2EAB-4C6A-ACC2-AE16AA486F61}"
EndProject
Project("{FAE04EC0-301F-11D3-BF4B-00C04F79EFBC}") = "DecimalToHexadecimal", "DecimalToHexadecimal\DecimalToHexadecimal.csproj", "{74074C84-7219-4511-9C1D-8D5C88B73A50}"
EndProject
Project("{FAE04EC0-301F-11D3-BF4B-00C04F79EFBC}") = "ExchangeValue", "ExchangeValue\ExchangeValue.csproj", "{19769CD8-8D7D-4A57-B555-D60C1795B4FB}"
EndProject
Project("{FAE04EC0-301F-11D3-BF4B-00C04F79EFBC}") = "HexadecimalConvert", "HexadecimalConvert\HexadecimalConvert.csproj", "{D6D0C2B8-2E83-4E2A-8624-74E6535B2AC1}"
EndProject
Project("{FAE04EC0-301F-11D3-BF4B-00C04F79EFBC}") = "DecimalDivision", "DecimalDivision\DecimalDivision.csproj", "{3AE1E8BB-AAFD-4B58-AD2E-1334C5ABDED2}"
EndProject
Project("{FAE04EC0-301F-11D3-BF4B-00C04F79EFBC}") = "CircleArea", "CircleArea\CircleArea.csproj", "{FD255E8B-27FD-4DA4-BDDB-B7B5B84E5D07}"
EndProject
Project("{FAE04EC0-301F-11D3-BF4B-00C04F79EFBC}") = "ExponentionNumber", "ExponentionNumber\ExponentionNumber.csproj", "{DB90E17C-7617-4366-ACDC-1C6562EDA73A}"
EndProject
Project("{FAE04EC0-301F-11D3-BF4B-00C04F79EFBC}") = "Rectangle", "Rectangle\Rectangle.csproj", "{A75D8B9F-EFF1-45D6-9D41-03BB539C66C6}"
EndProject
Project("{FAE04EC0-301F-11D3-BF4B-00C04F79EFBC}") = "SpeedConvertor", "SpeedConvertor\SpeedConvertor.csproj", "{C59A91DD-7FDA-4312-8D55-356BC05AE16F}"
EndProject
Project("{FAE04EC0-301F-11D3-BF4B-00C04F79EFBC}") = "SpecialNumbers", "SpecialNumbers\SpecialNumbers.csproj", "{8A54EF4E-CE0C-4534-A9DD-66B742CD4E9E}"
EndProject
Project("{FAE04EC0-301F-11D3-BF4B-00C04F79EFBC}") = "TripleSign", "TripleSign\TripleSign.csproj", "{0DE7B99F-C685-42EB-A69A-CD42B1C57D0C}"
EndProject
Global
	GlobalSection(SolutionConfigurationPlatforms) = preSolution
		Debug|Any CPU = Debug|Any CPU
		Release|Any CPU = Release|Any CPU
	EndGlobalSection
	GlobalSection(ProjectConfigurationPlatforms) = postSolution
		{26740699-64D2-4945-9201-D40F283C513D}.Debug|Any CPU.ActiveCfg = Debug|Any CPU
		{26740699-64D2-4945-9201-D40F283C513D}.Debug|Any CPU.Build.0 = Debug|Any CPU
		{26740699-64D2-4945-9201-D40F283C513D}.Release|Any CPU.ActiveCfg = Release|Any CPU
		{26740699-64D2-4945-9201-D40F283C513D}.Release|Any CPU.Build.0 = Release|Any CPU
		{AAE0F617-2EAB-4C6A-ACC2-AE16AA486F61}.Debug|Any CPU.ActiveCfg = Debug|Any CPU
		{AAE0F617-2EAB-4C6A-ACC2-AE16AA486F61}.Debug|Any CPU.Build.0 = Debug|Any CPU
		{AAE0F617-2EAB-4C6A-ACC2-AE16AA486F61}.Release|Any CPU.ActiveCfg = Release|Any CPU
		{AAE0F617-2EAB-4C6A-ACC2-AE16AA486F61}.Release|Any CPU.Build.0 = Release|Any CPU
		{74074C84-7219-4511-9C1D-8D5C88B73A50}.Debug|Any CPU.ActiveCfg = Debug|Any CPU
		{74074C84-7219-4511-9C1D-8D5C88B73A50}.Debug|Any CPU.Build.0 = Debug|Any CPU
		{74074C84-7219-4511-9C1D-8D5C88B73A50}.Release|Any CPU.ActiveCfg = Release|Any CPU
		{74074C84-7219-4511-9C1D-8D5C88B73A50}.Release|Any CPU.Build.0 = Release|Any CPU
		{19769CD8-8D7D-4A57-B555-D60C1795B4FB}.Debug|Any CPU.ActiveCfg = Debug|Any CPU
		{19769CD8-8D7D-4A57-B555-D60C1795B4FB}.Debug|Any CPU.Build.0 = Debug|Any CPU
		{19769CD8-8D7D-4A57-B555-D60C1795B4FB}.Release|Any CPU.ActiveCfg = Release|Any CPU
		{19769CD8-8D7D-4A57-B555-D60C1795B4FB}.Release|Any CPU.Build.0 = Release|Any CPU
		{D6D0C2B8-2E83-4E2A-8624-74E6535B2AC1}.Debug|Any CPU.ActiveCfg = Debug|Any CPU
		{D6D0C2B8-2E83-4E2A-8624-74E6535B2AC1}.Debug|Any CPU.Build.0 = Debug|Any CPU
		{D6D0C2B8-2E83-4E2A-8624-74E6535B2AC1}.Release|Any CPU.ActiveCfg = Release|Any CPU
		{D6D0C2B8-2E83-4E2A-8624-74E6535B2AC1}.Release|Any CPU.Build.0 = Release|Any CPU
		{3AE1E8BB-AAFD-4B58-AD2E-1334C5ABDED2}.Debug|Any CPU.ActiveCfg = Debug|Any CPU
		{3AE1E8BB-AAFD-4B58-AD2E-1334C5ABDED2}.Debug|Any CPU.Build.0 = Debug|Any CPU
		{3AE1E8BB-AAFD-4B58-AD2E-1334C5ABDED2}.Release|Any CPU.ActiveCfg = Release|Any CPU
		{3AE1E8BB-AAFD-4B58-AD2E-1334C5ABDED2}.Release|Any CPU.Build.0 = Release|Any CPU
		{FD255E8B-27FD-4DA4-BDDB-B7B5B84E5D07}.Debug|Any CPU.ActiveCfg = Debug|Any CPU
		{FD255E8B-27FD-4DA4-BDDB-B7B5B84E5D07}.Debug|Any CPU.Build.0 = Debug|Any CPU
		{FD255E8B-27FD-4DA4-BDDB-B7B5B84E5D07}.Release|Any CPU.ActiveCfg = Release|Any CPU
		{FD255E8B-27FD-4DA4-BDDB-B7B5B84E5D07}.Release|Any CPU.Build.0 = Release|Any CPU
		{DB90E17C-7617-4366-ACDC-1C6562EDA73A}.Debug|Any CPU.ActiveCfg = Debug|Any CPU
		{DB90E17C-7617-4366-ACDC-1C6562EDA73A}.Debug|Any CPU.Build.0 = Debug|Any CPU
		{DB90E17C-7617-4366-ACDC-1C6562EDA73A}.Release|Any CPU.ActiveCfg = Release|Any CPU
		{DB90E17C-7617-4366-ACDC-1C6562EDA73A}.Release|Any CPU.Build.0 = Release|Any CPU
		{A75D8B9F-EFF1-45D6-9D41-03BB539C66C6}.Debug|Any CPU.ActiveCfg = Debug|Any CPU
		{A75D8B9F-EFF1-45D6-9D41-03BB539C66C6}.Debug|Any CPU.Build.0 = Debug|Any CPU
		{A75D8B9F-EFF1-45D6-9D41-03BB539C66C6}.Release|Any CPU.ActiveCfg = Release|Any CPU
		{A75D8B9F-EFF1-45D6-9D41-03BB539C66C6}.Release|Any CPU.Build.0 = Release|Any CPU
		{C59A91DD-7FDA-4312-8D55-356BC05AE16F}.Debug|Any CPU.ActiveCfg = Debug|Any CPU
		{C59A91DD-7FDA-4312-8D55-356BC05AE16F}.Debug|Any CPU.Build.0 = Debug|Any CPU
		{C59A91DD-7FDA-4312-8D55-356BC05AE16F}.Release|Any CPU.ActiveCfg = Release|Any CPU
		{C59A91DD-7FDA-4312-8D55-356BC05AE16F}.Release|Any CPU.Build.0 = Release|Any CPU
		{8A54EF4E-CE0C-4534-A9DD-66B742CD4E9E}.Debug|Any CPU.ActiveCfg = Debug|Any CPU
		{8A54EF4E-CE0C-4534-A9DD-66B742CD4E9E}.Debug|Any CPU.Build.0 = Debug|Any CPU
		{8A54EF4E-CE0C-4534-A9DD-66B742CD4E9E}.Release|Any CPU.ActiveCfg = Release|Any CPU
		{8A54EF4E-CE0C-4534-A9DD-66B742CD4E9E}.Release|Any CPU.Build.0 = Release|Any CPU
		{0DE7B99F-C685-42EB-A69A-CD42B1C57D0C}.Debug|Any CPU.ActiveCfg = Debug|Any CPU
		{0DE7B99F-C685-42EB-A69A-CD42B1C57D0C}.Debug|Any CPU.Build.0 = Debug|Any CPU
		{0DE7B99F-C685-42EB-A69A-CD42B1C57D0C}.Release|Any CPU.ActiveCfg = Release|Any CPU
		{0DE7B99F-C685-42EB-A69A-CD42B1C57D0C}.Release|Any CPU.Build.0 = Release|Any CPU
	EndGlobalSection
	GlobalSection(SolutionProperties) = preSolution
		HideSolutionNode = FALSE
	EndGlobalSection
	GlobalSection(ExtensibilityGlobals) = postSolution
		SolutionGuid = {F90290B6-9E4E-4584-A424-9116ED329009}
	EndGlobalSection
EndGlobal
